// !$*UTF8*$!
{
	archiveVersion = 1;
	classes = {
	};
	objectVersion = 56;
	objects = {

/* Begin PBXBuildFile section */
		E67055CF2BD8B7CF000C1645 /* HomeView.swift in Sources */ = {isa = PBXBuildFile; fileRef = E67055CE2BD8B7CF000C1645 /* HomeView.swift */; };
		E67055D12BD8B7DE000C1645 /* HomeViewModel.swift in Sources */ = {isa = PBXBuildFile; fileRef = E67055D02BD8B7DE000C1645 /* HomeViewModel.swift */; };
		E67055D82BD8B899000C1645 /* GetStoreUseCase.swift in Sources */ = {isa = PBXBuildFile; fileRef = E67055D72BD8B899000C1645 /* GetStoreUseCase.swift */; };
		E67055DC2BD8B8FD000C1645 /* StoreModel.swift in Sources */ = {isa = PBXBuildFile; fileRef = E67055DB2BD8B8FD000C1645 /* StoreModel.swift */; };
		E67055E52BD8BA79000C1645 /* StoreRepository.swift in Sources */ = {isa = PBXBuildFile; fileRef = E67055E42BD8BA79000C1645 /* StoreRepository.swift */; };
		E67055E82BD8BB38000C1645 /* StoreResponse.swift in Sources */ = {isa = PBXBuildFile; fileRef = E67055E72BD8BB38000C1645 /* StoreResponse.swift */; };
		E67055EB2BD8BBBB000C1645 /* StoreRepositoryImpl.swift in Sources */ = {isa = PBXBuildFile; fileRef = E67055EA2BD8BBBB000C1645 /* StoreRepositoryImpl.swift */; };
		E67055F02BD8BCA1000C1645 /* NetworkManager.swift in Sources */ = {isa = PBXBuildFile; fileRef = E67055EF2BD8BCA1000C1645 /* NetworkManager.swift */; };
		E67055F32BD8BD81000C1645 /* NetworkPlugin.swift in Sources */ = {isa = PBXBuildFile; fileRef = E67055F22BD8BD81000C1645 /* NetworkPlugin.swift */; };
		E67055F72BD8BDC9000C1645 /* StoreAPI.swift in Sources */ = {isa = PBXBuildFile; fileRef = E67055F62BD8BDC9000C1645 /* StoreAPI.swift */; };
		E67055FA2BD8BE51000C1645 /* CombineMoya in Frameworks */ = {isa = PBXBuildFile; productRef = E67055F92BD8BE51000C1645 /* CombineMoya */; };
		E67055FC2BD8BE51000C1645 /* Moya in Frameworks */ = {isa = PBXBuildFile; productRef = E67055FB2BD8BE51000C1645 /* Moya */; };
		E67055FE2BD8BE51000C1645 /* ReactiveMoya in Frameworks */ = {isa = PBXBuildFile; productRef = E67055FD2BD8BE51000C1645 /* ReactiveMoya */; };
		E67056002BD8BE51000C1645 /* RxMoya in Frameworks */ = {isa = PBXBuildFile; productRef = E67055FF2BD8BE51000C1645 /* RxMoya */; };
		E67056032BD8BE82000C1645 /* CoreConstants.swift in Sources */ = {isa = PBXBuildFile; fileRef = E67056022BD8BE82000C1645 /* CoreConstants.swift */; };
		E67056052BD8C014000C1645 /* NetworkError.swift in Sources */ = {isa = PBXBuildFile; fileRef = E67056042BD8C014000C1645 /* NetworkError.swift */; };
		E67056072BD8C1FB000C1645 /* ViewState.swift in Sources */ = {isa = PBXBuildFile; fileRef = E67056062BD8C1FB000C1645 /* ViewState.swift */; };
		E670560B2BD8C2E0000C1645 /* Router.swift in Sources */ = {isa = PBXBuildFile; fileRef = E670560A2BD8C2E0000C1645 /* Router.swift */; };
		E670560D2BD8C2E8000C1645 /* RouterDestination.swift in Sources */ = {isa = PBXBuildFile; fileRef = E670560C2BD8C2E8000C1645 /* RouterDestination.swift */; };
		E670560F2BD8C2F0000C1645 /* LinkedList.swift in Sources */ = {isa = PBXBuildFile; fileRef = E670560E2BD8C2F0000C1645 /* LinkedList.swift */; };
		E67056122BD8C670000C1645 /* ProductRepository.swift in Sources */ = {isa = PBXBuildFile; fileRef = E67056112BD8C670000C1645 /* ProductRepository.swift */; };
		E67056142BD8C67C000C1645 /* GetProductUseCase.swift in Sources */ = {isa = PBXBuildFile; fileRef = E67056132BD8C67C000C1645 /* GetProductUseCase.swift */; };
		E67056172BD8C6D3000C1645 /* ProductModel.swift in Sources */ = {isa = PBXBuildFile; fileRef = E67056162BD8C6D3000C1645 /* ProductModel.swift */; };
		E670561A2BD8C72A000C1645 /* ProductRepositoryImpl.swift in Sources */ = {isa = PBXBuildFile; fileRef = E67056192BD8C72A000C1645 /* ProductRepositoryImpl.swift */; };
		E670561C2BD8C749000C1645 /* ProductResponse.swift in Sources */ = {isa = PBXBuildFile; fileRef = E670561B2BD8C749000C1645 /* ProductResponse.swift */; };
		E670561F2BD8C775000C1645 /* ProductAPI.swift in Sources */ = {isa = PBXBuildFile; fileRef = E670561E2BD8C775000C1645 /* ProductAPI.swift */; };
		E67056222BD8CAD6000C1645 /* DateFormatter.swift in Sources */ = {isa = PBXBuildFile; fileRef = E67056212BD8CAD6000C1645 /* DateFormatter.swift */; };
		E67056262BD8CC1E000C1645 /* ProductCardView.swift in Sources */ = {isa = PBXBuildFile; fileRef = E67056252BD8CC1E000C1645 /* ProductCardView.swift */; };
		E67056282BD8CC36000C1645 /* ProductCardViewModel.swift in Sources */ = {isa = PBXBuildFile; fileRef = E67056272BD8CC35000C1645 /* ProductCardViewModel.swift */; };
		E670562B2BD8CD1C000C1645 /* SDWebImageSwiftUI in Frameworks */ = {isa = PBXBuildFile; productRef = E670562A2BD8CD1C000C1645 /* SDWebImageSwiftUI */; };
		E6FDEDDD2BD7BBE200D8CCEE /* e_marketApp.swift in Sources */ = {isa = PBXBuildFile; fileRef = E6FDEDDC2BD7BBE200D8CCEE /* e_marketApp.swift */; };
		E6FDEDDF2BD7BBE200D8CCEE /* ContentView.swift in Sources */ = {isa = PBXBuildFile; fileRef = E6FDEDDE2BD7BBE200D8CCEE /* ContentView.swift */; };
		E6FDEDE12BD7BBE400D8CCEE /* Assets.xcassets in Resources */ = {isa = PBXBuildFile; fileRef = E6FDEDE02BD7BBE400D8CCEE /* Assets.xcassets */; };
		E6FDEDE42BD7BBE400D8CCEE /* Preview Assets.xcassets in Resources */ = {isa = PBXBuildFile; fileRef = E6FDEDE32BD7BBE400D8CCEE /* Preview Assets.xcassets */; };
		E6FDEDEE2BD7BBE400D8CCEE /* e_marketTests.swift in Sources */ = {isa = PBXBuildFile; fileRef = E6FDEDED2BD7BBE400D8CCEE /* e_marketTests.swift */; };
		E6FDEDF82BD7BBE400D8CCEE /* e_marketUITests.swift in Sources */ = {isa = PBXBuildFile; fileRef = E6FDEDF72BD7BBE400D8CCEE /* e_marketUITests.swift */; };
		E6FDEDFA2BD7BBE400D8CCEE /* e_marketUITestsLaunchTests.swift in Sources */ = {isa = PBXBuildFile; fileRef = E6FDEDF92BD7BBE400D8CCEE /* e_marketUITestsLaunchTests.swift */; };
/* End PBXBuildFile section */

/* Begin PBXContainerItemProxy section */
		E6FDEDEA2BD7BBE400D8CCEE /* PBXContainerItemProxy */ = {
			isa = PBXContainerItemProxy;
			containerPortal = E6FDEDD12BD7BBE200D8CCEE /* Project object */;
			proxyType = 1;
			remoteGlobalIDString = E6FDEDD82BD7BBE200D8CCEE;
			remoteInfo = "e-market";
		};
		E6FDEDF42BD7BBE400D8CCEE /* PBXContainerItemProxy */ = {
			isa = PBXContainerItemProxy;
			containerPortal = E6FDEDD12BD7BBE200D8CCEE /* Project object */;
			proxyType = 1;
			remoteGlobalIDString = E6FDEDD82BD7BBE200D8CCEE;
			remoteInfo = "e-market";
		};
/* End PBXContainerItemProxy section */

/* Begin PBXFileReference section */
		E67055CE2BD8B7CF000C1645 /* HomeView.swift */ = {isa = PBXFileReference; lastKnownFileType = sourcecode.swift; path = HomeView.swift; sourceTree = "<group>"; };
		E67055D02BD8B7DE000C1645 /* HomeViewModel.swift */ = {isa = PBXFileReference; lastKnownFileType = sourcecode.swift; path = HomeViewModel.swift; sourceTree = "<group>"; };
		E67055D72BD8B899000C1645 /* GetStoreUseCase.swift */ = {isa = PBXFileReference; lastKnownFileType = sourcecode.swift; path = GetStoreUseCase.swift; sourceTree = "<group>"; };
		E67055DB2BD8B8FD000C1645 /* StoreModel.swift */ = {isa = PBXFileReference; lastKnownFileType = sourcecode.swift; path = StoreModel.swift; sourceTree = "<group>"; };
		E67055E42BD8BA79000C1645 /* StoreRepository.swift */ = {isa = PBXFileReference; lastKnownFileType = sourcecode.swift; path = StoreRepository.swift; sourceTree = "<group>"; };
		E67055E72BD8BB38000C1645 /* StoreResponse.swift */ = {isa = PBXFileReference; lastKnownFileType = sourcecode.swift; path = StoreResponse.swift; sourceTree = "<group>"; };
		E67055EA2BD8BBBB000C1645 /* StoreRepositoryImpl.swift */ = {isa = PBXFileReference; lastKnownFileType = sourcecode.swift; path = StoreRepositoryImpl.swift; sourceTree = "<group>"; };
		E67055EF2BD8BCA1000C1645 /* NetworkManager.swift */ = {isa = PBXFileReference; lastKnownFileType = sourcecode.swift; path = NetworkManager.swift; sourceTree = "<group>"; };
		E67055F22BD8BD81000C1645 /* NetworkPlugin.swift */ = {isa = PBXFileReference; lastKnownFileType = sourcecode.swift; path = NetworkPlugin.swift; sourceTree = "<group>"; };
		E67055F62BD8BDC9000C1645 /* StoreAPI.swift */ = {isa = PBXFileReference; lastKnownFileType = sourcecode.swift; path = StoreAPI.swift; sourceTree = "<group>"; };
		E67056022BD8BE82000C1645 /* CoreConstants.swift */ = {isa = PBXFileReference; lastKnownFileType = sourcecode.swift; path = CoreConstants.swift; sourceTree = "<group>"; };
		E67056042BD8C014000C1645 /* NetworkError.swift */ = {isa = PBXFileReference; lastKnownFileType = sourcecode.swift; path = NetworkError.swift; sourceTree = "<group>"; };
		E67056062BD8C1FB000C1645 /* ViewState.swift */ = {isa = PBXFileReference; lastKnownFileType = sourcecode.swift; path = ViewState.swift; sourceTree = "<group>"; };
		E670560A2BD8C2E0000C1645 /* Router.swift */ = {isa = PBXFileReference; lastKnownFileType = sourcecode.swift; path = Router.swift; sourceTree = "<group>"; };
		E670560C2BD8C2E8000C1645 /* RouterDestination.swift */ = {isa = PBXFileReference; lastKnownFileType = sourcecode.swift; path = RouterDestination.swift; sourceTree = "<group>"; };
		E670560E2BD8C2F0000C1645 /* LinkedList.swift */ = {isa = PBXFileReference; lastKnownFileType = sourcecode.swift; path = LinkedList.swift; sourceTree = "<group>"; };
		E67056112BD8C670000C1645 /* ProductRepository.swift */ = {isa = PBXFileReference; lastKnownFileType = sourcecode.swift; path = ProductRepository.swift; sourceTree = "<group>"; };
		E67056132BD8C67C000C1645 /* GetProductUseCase.swift */ = {isa = PBXFileReference; lastKnownFileType = sourcecode.swift; path = GetProductUseCase.swift; sourceTree = "<group>"; };
		E67056162BD8C6D3000C1645 /* ProductModel.swift */ = {isa = PBXFileReference; lastKnownFileType = sourcecode.swift; path = ProductModel.swift; sourceTree = "<group>"; };
		E67056192BD8C72A000C1645 /* ProductRepositoryImpl.swift */ = {isa = PBXFileReference; lastKnownFileType = sourcecode.swift; path = ProductRepositoryImpl.swift; sourceTree = "<group>"; };
		E670561B2BD8C749000C1645 /* ProductResponse.swift */ = {isa = PBXFileReference; lastKnownFileType = sourcecode.swift; path = ProductResponse.swift; sourceTree = "<group>"; };
		E670561E2BD8C775000C1645 /* ProductAPI.swift */ = {isa = PBXFileReference; lastKnownFileType = sourcecode.swift; path = ProductAPI.swift; sourceTree = "<group>"; };
		E67056212BD8CAD6000C1645 /* DateFormatter.swift */ = {isa = PBXFileReference; lastKnownFileType = sourcecode.swift; path = DateFormatter.swift; sourceTree = "<group>"; };
		E67056252BD8CC1E000C1645 /* ProductCardView.swift */ = {isa = PBXFileReference; lastKnownFileType = sourcecode.swift; path = ProductCardView.swift; sourceTree = "<group>"; };
		E67056272BD8CC35000C1645 /* ProductCardViewModel.swift */ = {isa = PBXFileReference; lastKnownFileType = sourcecode.swift; path = ProductCardViewModel.swift; sourceTree = "<group>"; };
		E6FDEDD92BD7BBE200D8CCEE /* e-market.app */ = {isa = PBXFileReference; explicitFileType = wrapper.application; includeInIndex = 0; path = "e-market.app"; sourceTree = BUILT_PRODUCTS_DIR; };
		E6FDEDDC2BD7BBE200D8CCEE /* e_marketApp.swift */ = {isa = PBXFileReference; lastKnownFileType = sourcecode.swift; path = e_marketApp.swift; sourceTree = "<group>"; };
		E6FDEDDE2BD7BBE200D8CCEE /* ContentView.swift */ = {isa = PBXFileReference; lastKnownFileType = sourcecode.swift; path = ContentView.swift; sourceTree = "<group>"; };
		E6FDEDE02BD7BBE400D8CCEE /* Assets.xcassets */ = {isa = PBXFileReference; lastKnownFileType = folder.assetcatalog; path = Assets.xcassets; sourceTree = "<group>"; };
		E6FDEDE32BD7BBE400D8CCEE /* Preview Assets.xcassets */ = {isa = PBXFileReference; lastKnownFileType = folder.assetcatalog; path = "Preview Assets.xcassets"; sourceTree = "<group>"; };
		E6FDEDE92BD7BBE400D8CCEE /* e-marketTests.xctest */ = {isa = PBXFileReference; explicitFileType = wrapper.cfbundle; includeInIndex = 0; path = "e-marketTests.xctest"; sourceTree = BUILT_PRODUCTS_DIR; };
		E6FDEDED2BD7BBE400D8CCEE /* e_marketTests.swift */ = {isa = PBXFileReference; lastKnownFileType = sourcecode.swift; path = e_marketTests.swift; sourceTree = "<group>"; };
		E6FDEDF32BD7BBE400D8CCEE /* e-marketUITests.xctest */ = {isa = PBXFileReference; explicitFileType = wrapper.cfbundle; includeInIndex = 0; path = "e-marketUITests.xctest"; sourceTree = BUILT_PRODUCTS_DIR; };
		E6FDEDF72BD7BBE400D8CCEE /* e_marketUITests.swift */ = {isa = PBXFileReference; lastKnownFileType = sourcecode.swift; path = e_marketUITests.swift; sourceTree = "<group>"; };
		E6FDEDF92BD7BBE400D8CCEE /* e_marketUITestsLaunchTests.swift */ = {isa = PBXFileReference; lastKnownFileType = sourcecode.swift; path = e_marketUITestsLaunchTests.swift; sourceTree = "<group>"; };
/* End PBXFileReference section */

/* Begin PBXFrameworksBuildPhase section */
		E6FDEDD62BD7BBE200D8CCEE /* Frameworks */ = {
			isa = PBXFrameworksBuildPhase;
			buildActionMask = 2147483647;
			files = (
				E670562B2BD8CD1C000C1645 /* SDWebImageSwiftUI in Frameworks */,
				E67055FC2BD8BE51000C1645 /* Moya in Frameworks */,
				E67055FA2BD8BE51000C1645 /* CombineMoya in Frameworks */,
				E67056002BD8BE51000C1645 /* RxMoya in Frameworks */,
				E67055FE2BD8BE51000C1645 /* ReactiveMoya in Frameworks */,
			);
			runOnlyForDeploymentPostprocessing = 0;
		};
		E6FDEDE62BD7BBE400D8CCEE /* Frameworks */ = {
			isa = PBXFrameworksBuildPhase;
			buildActionMask = 2147483647;
			files = (
			);
			runOnlyForDeploymentPostprocessing = 0;
		};
		E6FDEDF02BD7BBE400D8CCEE /* Frameworks */ = {
			isa = PBXFrameworksBuildPhase;
			buildActionMask = 2147483647;
			files = (
			);
			runOnlyForDeploymentPostprocessing = 0;
		};
/* End PBXFrameworksBuildPhase section */

/* Begin PBXGroup section */
		E67055C82BD8B77F000C1645 /* Core */ = {
			isa = PBXGroup;
			children = (
				E67056202BD8CABA000C1645 /* Extensions */,
				E67056012BD8BE6B000C1645 /* Constant */,
			);
			path = Core;
			sourceTree = "<group>";
		};
		E67055C92BD8B789000C1645 /* Domain */ = {
			isa = PBXGroup;
			children = (
				E67055E22BD8BA4F000C1645 /* Repository */,
				E67055D92BD8B8EE000C1645 /* Models */,
				E67055D22BD8B80C000C1645 /* UseCases */,
			);
			path = Domain;
			sourceTree = "<group>";
		};
		E67055CA2BD8B78E000C1645 /* Presentation */ = {
			isa = PBXGroup;
			children = (
				E67056232BD8CBFF000C1645 /* Components */,
				E67056082BD8C2CB000C1645 /* Routers */,
				E67055CC2BD8B79E000C1645 /* Features */,
			);
			path = Presentation;
			sourceTree = "<group>";
		};
		E67055CB2BD8B796000C1645 /* Data */ = {
			isa = PBXGroup;
			children = (
				E67055E62BD8BAF2000C1645 /* Response */,
				E67055DE2BD8B9DA000C1645 /* RepositoryImpl */,
				E67055DD2BD8B9CE000C1645 /* DataSource */,
			);
			path = Data;
			sourceTree = "<group>";
		};
		E67055CC2BD8B79E000C1645 /* Features */ = {
			isa = PBXGroup;
			children = (
				E67055CD2BD8B7C2000C1645 /* Home */,
			);
			path = Features;
			sourceTree = "<group>";
		};
		E67055CD2BD8B7C2000C1645 /* Home */ = {
			isa = PBXGroup;
			children = (
				E67055CE2BD8B7CF000C1645 /* HomeView.swift */,
				E67055D02BD8B7DE000C1645 /* HomeViewModel.swift */,
			);
			path = Home;
			sourceTree = "<group>";
		};
		E67055D22BD8B80C000C1645 /* UseCases */ = {
			isa = PBXGroup;
			children = (
				E67055D62BD8B860000C1645 /* Cart */,
				E67055D52BD8B851000C1645 /* Order */,
				E67055D42BD8B830000C1645 /* Product */,
				E67055D32BD8B827000C1645 /* Store */,
			);
			path = UseCases;
			sourceTree = "<group>";
		};
		E67055D32BD8B827000C1645 /* Store */ = {
			isa = PBXGroup;
			children = (
				E67055D72BD8B899000C1645 /* GetStoreUseCase.swift */,
			);
			path = Store;
			sourceTree = "<group>";
		};
		E67055D42BD8B830000C1645 /* Product */ = {
			isa = PBXGroup;
			children = (
				E67056132BD8C67C000C1645 /* GetProductUseCase.swift */,
			);
			path = Product;
			sourceTree = "<group>";
		};
		E67055D52BD8B851000C1645 /* Order */ = {
			isa = PBXGroup;
			children = (
			);
			path = Order;
			sourceTree = "<group>";
		};
		E67055D62BD8B860000C1645 /* Cart */ = {
			isa = PBXGroup;
			children = (
			);
			path = Cart;
			sourceTree = "<group>";
		};
		E67055D92BD8B8EE000C1645 /* Models */ = {
			isa = PBXGroup;
			children = (
				E67056152BD8C6C8000C1645 /* Products */,
				E67055DA2BD8B8F3000C1645 /* Store */,
			);
			path = Models;
			sourceTree = "<group>";
		};
		E67055DA2BD8B8F3000C1645 /* Store */ = {
			isa = PBXGroup;
			children = (
				E67055DB2BD8B8FD000C1645 /* StoreModel.swift */,
			);
			path = Store;
			sourceTree = "<group>";
		};
		E67055DD2BD8B9CE000C1645 /* DataSource */ = {
			isa = PBXGroup;
			children = (
				E67055ED2BD8BBD8000C1645 /* API */,
				E67055EC2BD8BBCF000C1645 /* Database */,
			);
			path = DataSource;
			sourceTree = "<group>";
		};
		E67055DE2BD8B9DA000C1645 /* RepositoryImpl */ = {
			isa = PBXGroup;
			children = (
				E67056182BD8C71E000C1645 /* Product */,
				E67055E92BD8BBAD000C1645 /* Store */,
			);
			path = RepositoryImpl;
			sourceTree = "<group>";
		};
		E67055E22BD8BA4F000C1645 /* Repository */ = {
			isa = PBXGroup;
			children = (
				E67056102BD8C662000C1645 /* Product */,
				E67055E32BD8BA63000C1645 /* Store */,
			);
			path = Repository;
			sourceTree = "<group>";
		};
		E67055E32BD8BA63000C1645 /* Store */ = {
			isa = PBXGroup;
			children = (
				E67055E42BD8BA79000C1645 /* StoreRepository.swift */,
			);
			path = Store;
			sourceTree = "<group>";
		};
		E67055E62BD8BAF2000C1645 /* Response */ = {
			isa = PBXGroup;
			children = (
				E67055E72BD8BB38000C1645 /* StoreResponse.swift */,
				E670561B2BD8C749000C1645 /* ProductResponse.swift */,
			);
			path = Response;
			sourceTree = "<group>";
		};
		E67055E92BD8BBAD000C1645 /* Store */ = {
			isa = PBXGroup;
			children = (
				E67055EA2BD8BBBB000C1645 /* StoreRepositoryImpl.swift */,
			);
			path = Store;
			sourceTree = "<group>";
		};
		E67055EC2BD8BBCF000C1645 /* Database */ = {
			isa = PBXGroup;
			children = (
			);
			path = Database;
			sourceTree = "<group>";
		};
		E67055ED2BD8BBD8000C1645 /* API */ = {
			isa = PBXGroup;
			children = (
				E67055F42BD8BDA5000C1645 /* Services */,
				E67055EE2BD8BC95000C1645 /* Network */,
			);
			path = API;
			sourceTree = "<group>";
		};
		E67055EE2BD8BC95000C1645 /* Network */ = {
			isa = PBXGroup;
			children = (
				E67055EF2BD8BCA1000C1645 /* NetworkManager.swift */,
				E67055F22BD8BD81000C1645 /* NetworkPlugin.swift */,
				E67056042BD8C014000C1645 /* NetworkError.swift */,
			);
			path = Network;
			sourceTree = "<group>";
		};
		E67055F42BD8BDA5000C1645 /* Services */ = {
			isa = PBXGroup;
			children = (
				E670561D2BD8C76D000C1645 /* Product */,
				E67055F52BD8BDAE000C1645 /* Store */,
			);
			path = Services;
			sourceTree = "<group>";
		};
		E67055F52BD8BDAE000C1645 /* Store */ = {
			isa = PBXGroup;
			children = (
				E67055F62BD8BDC9000C1645 /* StoreAPI.swift */,
			);
			path = Store;
			sourceTree = "<group>";
		};
		E67056012BD8BE6B000C1645 /* Constant */ = {
			isa = PBXGroup;
			children = (
				E67056022BD8BE82000C1645 /* CoreConstants.swift */,
				E67056062BD8C1FB000C1645 /* ViewState.swift */,
			);
			path = Constant;
			sourceTree = "<group>";
		};
		E67056082BD8C2CB000C1645 /* Routers */ = {
			isa = PBXGroup;
			children = (
				E670560A2BD8C2E0000C1645 /* Router.swift */,
				E670560C2BD8C2E8000C1645 /* RouterDestination.swift */,
				E670560E2BD8C2F0000C1645 /* LinkedList.swift */,
			);
			path = Routers;
			sourceTree = "<group>";
		};
		E67056102BD8C662000C1645 /* Product */ = {
			isa = PBXGroup;
			children = (
				E67056112BD8C670000C1645 /* ProductRepository.swift */,
			);
			path = Product;
			sourceTree = "<group>";
		};
		E67056152BD8C6C8000C1645 /* Products */ = {
			isa = PBXGroup;
			children = (
				E67056162BD8C6D3000C1645 /* ProductModel.swift */,
			);
			path = Products;
			sourceTree = "<group>";
		};
		E67056182BD8C71E000C1645 /* Product */ = {
			isa = PBXGroup;
			children = (
				E67056192BD8C72A000C1645 /* ProductRepositoryImpl.swift */,
			);
			path = Product;
			sourceTree = "<group>";
		};
		E670561D2BD8C76D000C1645 /* Product */ = {
			isa = PBXGroup;
			children = (
				E670561E2BD8C775000C1645 /* ProductAPI.swift */,
			);
			path = Product;
			sourceTree = "<group>";
		};
		E67056202BD8CABA000C1645 /* Extensions */ = {
			isa = PBXGroup;
			children = (
				E67056212BD8CAD6000C1645 /* DateFormatter.swift */,
			);
			path = Extensions;
			sourceTree = "<group>";
		};
		E67056232BD8CBFF000C1645 /* Components */ = {
			isa = PBXGroup;
			children = (
				E67056242BD8CC10000C1645 /* ProductCard */,
			);
			path = Components;
			sourceTree = "<group>";
		};
		E67056242BD8CC10000C1645 /* ProductCard */ = {
			isa = PBXGroup;
			children = (
				E67056252BD8CC1E000C1645 /* ProductCardView.swift */,
				E67056272BD8CC35000C1645 /* ProductCardViewModel.swift */,
			);
			path = ProductCard;
			sourceTree = "<group>";
		};
		E6FDEDD02BD7BBE200D8CCEE = {
			isa = PBXGroup;
			children = (
				E6FDEDDB2BD7BBE200D8CCEE /* e-market */,
				E6FDEDEC2BD7BBE400D8CCEE /* e-marketTests */,
				E6FDEDF62BD7BBE400D8CCEE /* e-marketUITests */,
				E6FDEDDA2BD7BBE200D8CCEE /* Products */,
			);
			sourceTree = "<group>";
		};
		E6FDEDDA2BD7BBE200D8CCEE /* Products */ = {
			isa = PBXGroup;
			children = (
				E6FDEDD92BD7BBE200D8CCEE /* e-market.app */,
				E6FDEDE92BD7BBE400D8CCEE /* e-marketTests.xctest */,
				E6FDEDF32BD7BBE400D8CCEE /* e-marketUITests.xctest */,
			);
			name = Products;
			sourceTree = "<group>";
		};
		E6FDEDDB2BD7BBE200D8CCEE /* e-market */ = {
			isa = PBXGroup;
			children = (
				E67055CB2BD8B796000C1645 /* Data */,
				E67055CA2BD8B78E000C1645 /* Presentation */,
				E67055C92BD8B789000C1645 /* Domain */,
				E67055C82BD8B77F000C1645 /* Core */,
				E6FDEDDC2BD7BBE200D8CCEE /* e_marketApp.swift */,
				E6FDEDDE2BD7BBE200D8CCEE /* ContentView.swift */,
				E6FDEDE02BD7BBE400D8CCEE /* Assets.xcassets */,
				E6FDEDE22BD7BBE400D8CCEE /* Preview Content */,
			);
			path = "e-market";
			sourceTree = "<group>";
		};
		E6FDEDE22BD7BBE400D8CCEE /* Preview Content */ = {
			isa = PBXGroup;
			children = (
				E6FDEDE32BD7BBE400D8CCEE /* Preview Assets.xcassets */,
			);
			path = "Preview Content";
			sourceTree = "<group>";
		};
		E6FDEDEC2BD7BBE400D8CCEE /* e-marketTests */ = {
			isa = PBXGroup;
			children = (
				E6FDEDED2BD7BBE400D8CCEE /* e_marketTests.swift */,
			);
			path = "e-marketTests";
			sourceTree = "<group>";
		};
		E6FDEDF62BD7BBE400D8CCEE /* e-marketUITests */ = {
			isa = PBXGroup;
			children = (
				E6FDEDF72BD7BBE400D8CCEE /* e_marketUITests.swift */,
				E6FDEDF92BD7BBE400D8CCEE /* e_marketUITestsLaunchTests.swift */,
			);
			path = "e-marketUITests";
			sourceTree = "<group>";
		};
/* End PBXGroup section */

/* Begin PBXNativeTarget section */
		E6FDEDD82BD7BBE200D8CCEE /* e-market */ = {
			isa = PBXNativeTarget;
			buildConfigurationList = E6FDEDFD2BD7BBE400D8CCEE /* Build configuration list for PBXNativeTarget "e-market" */;
			buildPhases = (
				E6FDEDD52BD7BBE200D8CCEE /* Sources */,
				E6FDEDD62BD7BBE200D8CCEE /* Frameworks */,
				E6FDEDD72BD7BBE200D8CCEE /* Resources */,
			);
			buildRules = (
			);
			dependencies = (
			);
			name = "e-market";
			packageProductDependencies = (
				E67055F92BD8BE51000C1645 /* CombineMoya */,
				E67055FB2BD8BE51000C1645 /* Moya */,
				E67055FD2BD8BE51000C1645 /* ReactiveMoya */,
				E67055FF2BD8BE51000C1645 /* RxMoya */,
				E670562A2BD8CD1C000C1645 /* SDWebImageSwiftUI */,
			);
			productName = "e-market";
			productReference = E6FDEDD92BD7BBE200D8CCEE /* e-market.app */;
			productType = "com.apple.product-type.application";
		};
		E6FDEDE82BD7BBE400D8CCEE /* e-marketTests */ = {
			isa = PBXNativeTarget;
			buildConfigurationList = E6FDEE002BD7BBE400D8CCEE /* Build configuration list for PBXNativeTarget "e-marketTests" */;
			buildPhases = (
				E6FDEDE52BD7BBE400D8CCEE /* Sources */,
				E6FDEDE62BD7BBE400D8CCEE /* Frameworks */,
				E6FDEDE72BD7BBE400D8CCEE /* Resources */,
			);
			buildRules = (
			);
			dependencies = (
				E6FDEDEB2BD7BBE400D8CCEE /* PBXTargetDependency */,
			);
			name = "e-marketTests";
			productName = "e-marketTests";
			productReference = E6FDEDE92BD7BBE400D8CCEE /* e-marketTests.xctest */;
			productType = "com.apple.product-type.bundle.unit-test";
		};
		E6FDEDF22BD7BBE400D8CCEE /* e-marketUITests */ = {
			isa = PBXNativeTarget;
			buildConfigurationList = E6FDEE032BD7BBE400D8CCEE /* Build configuration list for PBXNativeTarget "e-marketUITests" */;
			buildPhases = (
				E6FDEDEF2BD7BBE400D8CCEE /* Sources */,
				E6FDEDF02BD7BBE400D8CCEE /* Frameworks */,
				E6FDEDF12BD7BBE400D8CCEE /* Resources */,
			);
			buildRules = (
			);
			dependencies = (
				E6FDEDF52BD7BBE400D8CCEE /* PBXTargetDependency */,
			);
			name = "e-marketUITests";
			productName = "e-marketUITests";
			productReference = E6FDEDF32BD7BBE400D8CCEE /* e-marketUITests.xctest */;
			productType = "com.apple.product-type.bundle.ui-testing";
		};
/* End PBXNativeTarget section */

/* Begin PBXProject section */
		E6FDEDD12BD7BBE200D8CCEE /* Project object */ = {
			isa = PBXProject;
			attributes = {
				BuildIndependentTargetsInParallel = 1;
				LastSwiftUpdateCheck = 1530;
				LastUpgradeCheck = 1530;
				TargetAttributes = {
					E6FDEDD82BD7BBE200D8CCEE = {
						CreatedOnToolsVersion = 15.3;
					};
					E6FDEDE82BD7BBE400D8CCEE = {
						CreatedOnToolsVersion = 15.3;
						TestTargetID = E6FDEDD82BD7BBE200D8CCEE;
					};
					E6FDEDF22BD7BBE400D8CCEE = {
						CreatedOnToolsVersion = 15.3;
						TestTargetID = E6FDEDD82BD7BBE200D8CCEE;
					};
				};
			};
			buildConfigurationList = E6FDEDD42BD7BBE200D8CCEE /* Build configuration list for PBXProject "e-market" */;
			compatibilityVersion = "Xcode 14.0";
			developmentRegion = en;
			hasScannedForEncodings = 0;
			knownRegions = (
				en,
				Base,
			);
			mainGroup = E6FDEDD02BD7BBE200D8CCEE;
			packageReferences = (
				E67055F82BD8BE51000C1645 /* XCRemoteSwiftPackageReference "Moya" */,
				E67056292BD8CD1C000C1645 /* XCRemoteSwiftPackageReference "SDWebImageSwiftUI" */,
			);
			productRefGroup = E6FDEDDA2BD7BBE200D8CCEE /* Products */;
			projectDirPath = "";
			projectRoot = "";
			targets = (
				E6FDEDD82BD7BBE200D8CCEE /* e-market */,
				E6FDEDE82BD7BBE400D8CCEE /* e-marketTests */,
				E6FDEDF22BD7BBE400D8CCEE /* e-marketUITests */,
			);
		};
/* End PBXProject section */

/* Begin PBXResourcesBuildPhase section */
		E6FDEDD72BD7BBE200D8CCEE /* Resources */ = {
			isa = PBXResourcesBuildPhase;
			buildActionMask = 2147483647;
			files = (
				E6FDEDE42BD7BBE400D8CCEE /* Preview Assets.xcassets in Resources */,
				E6FDEDE12BD7BBE400D8CCEE /* Assets.xcassets in Resources */,
			);
			runOnlyForDeploymentPostprocessing = 0;
		};
		E6FDEDE72BD7BBE400D8CCEE /* Resources */ = {
			isa = PBXResourcesBuildPhase;
			buildActionMask = 2147483647;
			files = (
			);
			runOnlyForDeploymentPostprocessing = 0;
		};
		E6FDEDF12BD7BBE400D8CCEE /* Resources */ = {
			isa = PBXResourcesBuildPhase;
			buildActionMask = 2147483647;
			files = (
			);
			runOnlyForDeploymentPostprocessing = 0;
		};
/* End PBXResourcesBuildPhase section */

/* Begin PBXSourcesBuildPhase section */
		E6FDEDD52BD7BBE200D8CCEE /* Sources */ = {
			isa = PBXSourcesBuildPhase;
			buildActionMask = 2147483647;
			files = (
				E670560F2BD8C2F0000C1645 /* LinkedList.swift in Sources */,
				E67055CF2BD8B7CF000C1645 /* HomeView.swift in Sources */,
				E67056052BD8C014000C1645 /* NetworkError.swift in Sources */,
				E67056072BD8C1FB000C1645 /* ViewState.swift in Sources */,
				E6FDEDDF2BD7BBE200D8CCEE /* ContentView.swift in Sources */,
				E67055F02BD8BCA1000C1645 /* NetworkManager.swift in Sources */,
				E67055F32BD8BD81000C1645 /* NetworkPlugin.swift in Sources */,
				E670560D2BD8C2E8000C1645 /* RouterDestination.swift in Sources */,
				E67056032BD8BE82000C1645 /* CoreConstants.swift in Sources */,
				E67055E82BD8BB38000C1645 /* StoreResponse.swift in Sources */,
				E670560B2BD8C2E0000C1645 /* Router.swift in Sources */,
				E670561A2BD8C72A000C1645 /* ProductRepositoryImpl.swift in Sources */,
				E67055D82BD8B899000C1645 /* GetStoreUseCase.swift in Sources */,
				E67055EB2BD8BBBB000C1645 /* StoreRepositoryImpl.swift in Sources */,
				E67056282BD8CC36000C1645 /* ProductCardViewModel.swift in Sources */,
				E67056222BD8CAD6000C1645 /* DateFormatter.swift in Sources */,
				E670561F2BD8C775000C1645 /* ProductAPI.swift in Sources */,
				E67056142BD8C67C000C1645 /* GetProductUseCase.swift in Sources */,
				E6FDEDDD2BD7BBE200D8CCEE /* e_marketApp.swift in Sources */,
				E67055F72BD8BDC9000C1645 /* StoreAPI.swift in Sources */,
				E67055E52BD8BA79000C1645 /* StoreRepository.swift in Sources */,
				E67055D12BD8B7DE000C1645 /* HomeViewModel.swift in Sources */,
				E67056122BD8C670000C1645 /* ProductRepository.swift in Sources */,
				E670561C2BD8C749000C1645 /* ProductResponse.swift in Sources */,
				E67056172BD8C6D3000C1645 /* ProductModel.swift in Sources */,
				E67056262BD8CC1E000C1645 /* ProductCardView.swift in Sources */,
				E67055DC2BD8B8FD000C1645 /* StoreModel.swift in Sources */,
			);
			runOnlyForDeploymentPostprocessing = 0;
		};
		E6FDEDE52BD7BBE400D8CCEE /* Sources */ = {
			isa = PBXSourcesBuildPhase;
			buildActionMask = 2147483647;
			files = (
				E6FDEDEE2BD7BBE400D8CCEE /* e_marketTests.swift in Sources */,
			);
			runOnlyForDeploymentPostprocessing = 0;
		};
		E6FDEDEF2BD7BBE400D8CCEE /* Sources */ = {
			isa = PBXSourcesBuildPhase;
			buildActionMask = 2147483647;
			files = (
				E6FDEDFA2BD7BBE400D8CCEE /* e_marketUITestsLaunchTests.swift in Sources */,
				E6FDEDF82BD7BBE400D8CCEE /* e_marketUITests.swift in Sources */,
			);
			runOnlyForDeploymentPostprocessing = 0;
		};
/* End PBXSourcesBuildPhase section */

/* Begin PBXTargetDependency section */
		E6FDEDEB2BD7BBE400D8CCEE /* PBXTargetDependency */ = {
			isa = PBXTargetDependency;
			target = E6FDEDD82BD7BBE200D8CCEE /* e-market */;
			targetProxy = E6FDEDEA2BD7BBE400D8CCEE /* PBXContainerItemProxy */;
		};
		E6FDEDF52BD7BBE400D8CCEE /* PBXTargetDependency */ = {
			isa = PBXTargetDependency;
			target = E6FDEDD82BD7BBE200D8CCEE /* e-market */;
			targetProxy = E6FDEDF42BD7BBE400D8CCEE /* PBXContainerItemProxy */;
		};
/* End PBXTargetDependency section */

/* Begin XCBuildConfiguration section */
		E6FDEDFB2BD7BBE400D8CCEE /* Debug */ = {
			isa = XCBuildConfiguration;
			buildSettings = {
				ALWAYS_SEARCH_USER_PATHS = NO;
				ASSETCATALOG_COMPILER_GENERATE_SWIFT_ASSET_SYMBOL_EXTENSIONS = YES;
				CLANG_ANALYZER_NONNULL = YES;
				CLANG_ANALYZER_NUMBER_OBJECT_CONVERSION = YES_AGGRESSIVE;
				CLANG_CXX_LANGUAGE_STANDARD = "gnu++20";
				CLANG_ENABLE_MODULES = YES;
				CLANG_ENABLE_OBJC_ARC = YES;
				CLANG_ENABLE_OBJC_WEAK = YES;
				CLANG_WARN_BLOCK_CAPTURE_AUTORELEASING = YES;
				CLANG_WARN_BOOL_CONVERSION = YES;
				CLANG_WARN_COMMA = YES;
				CLANG_WARN_CONSTANT_CONVERSION = YES;
				CLANG_WARN_DEPRECATED_OBJC_IMPLEMENTATIONS = YES;
				CLANG_WARN_DIRECT_OBJC_ISA_USAGE = YES_ERROR;
				CLANG_WARN_DOCUMENTATION_COMMENTS = YES;
				CLANG_WARN_EMPTY_BODY = YES;
				CLANG_WARN_ENUM_CONVERSION = YES;
				CLANG_WARN_INFINITE_RECURSION = YES;
				CLANG_WARN_INT_CONVERSION = YES;
				CLANG_WARN_NON_LITERAL_NULL_CONVERSION = YES;
				CLANG_WARN_OBJC_IMPLICIT_RETAIN_SELF = YES;
				CLANG_WARN_OBJC_LITERAL_CONVERSION = YES;
				CLANG_WARN_OBJC_ROOT_CLASS = YES_ERROR;
				CLANG_WARN_QUOTED_INCLUDE_IN_FRAMEWORK_HEADER = YES;
				CLANG_WARN_RANGE_LOOP_ANALYSIS = YES;
				CLANG_WARN_STRICT_PROTOTYPES = YES;
				CLANG_WARN_SUSPICIOUS_MOVE = YES;
				CLANG_WARN_UNGUARDED_AVAILABILITY = YES_AGGRESSIVE;
				CLANG_WARN_UNREACHABLE_CODE = YES;
				CLANG_WARN__DUPLICATE_METHOD_MATCH = YES;
				COPY_PHASE_STRIP = NO;
				DEBUG_INFORMATION_FORMAT = dwarf;
				ENABLE_STRICT_OBJC_MSGSEND = YES;
				ENABLE_TESTABILITY = YES;
				ENABLE_USER_SCRIPT_SANDBOXING = YES;
				GCC_C_LANGUAGE_STANDARD = gnu17;
				GCC_DYNAMIC_NO_PIC = NO;
				GCC_NO_COMMON_BLOCKS = YES;
				GCC_OPTIMIZATION_LEVEL = 0;
				GCC_PREPROCESSOR_DEFINITIONS = (
					"DEBUG=1",
					"$(inherited)",
				);
				GCC_WARN_64_TO_32_BIT_CONVERSION = YES;
				GCC_WARN_ABOUT_RETURN_TYPE = YES_ERROR;
				GCC_WARN_UNDECLARED_SELECTOR = YES;
				GCC_WARN_UNINITIALIZED_AUTOS = YES_AGGRESSIVE;
				GCC_WARN_UNUSED_FUNCTION = YES;
				GCC_WARN_UNUSED_VARIABLE = YES;
				IPHONEOS_DEPLOYMENT_TARGET = 17.4;
				LOCALIZATION_PREFERS_STRING_CATALOGS = YES;
				MTL_ENABLE_DEBUG_INFO = INCLUDE_SOURCE;
				MTL_FAST_MATH = YES;
				ONLY_ACTIVE_ARCH = YES;
				SDKROOT = iphoneos;
				SWIFT_ACTIVE_COMPILATION_CONDITIONS = "DEBUG $(inherited)";
				SWIFT_OPTIMIZATION_LEVEL = "-Onone";
			};
			name = Debug;
		};
		E6FDEDFC2BD7BBE400D8CCEE /* Release */ = {
			isa = XCBuildConfiguration;
			buildSettings = {
				ALWAYS_SEARCH_USER_PATHS = NO;
				ASSETCATALOG_COMPILER_GENERATE_SWIFT_ASSET_SYMBOL_EXTENSIONS = YES;
				CLANG_ANALYZER_NONNULL = YES;
				CLANG_ANALYZER_NUMBER_OBJECT_CONVERSION = YES_AGGRESSIVE;
				CLANG_CXX_LANGUAGE_STANDARD = "gnu++20";
				CLANG_ENABLE_MODULES = YES;
				CLANG_ENABLE_OBJC_ARC = YES;
				CLANG_ENABLE_OBJC_WEAK = YES;
				CLANG_WARN_BLOCK_CAPTURE_AUTORELEASING = YES;
				CLANG_WARN_BOOL_CONVERSION = YES;
				CLANG_WARN_COMMA = YES;
				CLANG_WARN_CONSTANT_CONVERSION = YES;
				CLANG_WARN_DEPRECATED_OBJC_IMPLEMENTATIONS = YES;
				CLANG_WARN_DIRECT_OBJC_ISA_USAGE = YES_ERROR;
				CLANG_WARN_DOCUMENTATION_COMMENTS = YES;
				CLANG_WARN_EMPTY_BODY = YES;
				CLANG_WARN_ENUM_CONVERSION = YES;
				CLANG_WARN_INFINITE_RECURSION = YES;
				CLANG_WARN_INT_CONVERSION = YES;
				CLANG_WARN_NON_LITERAL_NULL_CONVERSION = YES;
				CLANG_WARN_OBJC_IMPLICIT_RETAIN_SELF = YES;
				CLANG_WARN_OBJC_LITERAL_CONVERSION = YES;
				CLANG_WARN_OBJC_ROOT_CLASS = YES_ERROR;
				CLANG_WARN_QUOTED_INCLUDE_IN_FRAMEWORK_HEADER = YES;
				CLANG_WARN_RANGE_LOOP_ANALYSIS = YES;
				CLANG_WARN_STRICT_PROTOTYPES = YES;
				CLANG_WARN_SUSPICIOUS_MOVE = YES;
				CLANG_WARN_UNGUARDED_AVAILABILITY = YES_AGGRESSIVE;
				CLANG_WARN_UNREACHABLE_CODE = YES;
				CLANG_WARN__DUPLICATE_METHOD_MATCH = YES;
				COPY_PHASE_STRIP = NO;
				DEBUG_INFORMATION_FORMAT = "dwarf-with-dsym";
				ENABLE_NS_ASSERTIONS = NO;
				ENABLE_STRICT_OBJC_MSGSEND = YES;
				ENABLE_USER_SCRIPT_SANDBOXING = YES;
				GCC_C_LANGUAGE_STANDARD = gnu17;
				GCC_NO_COMMON_BLOCKS = YES;
				GCC_WARN_64_TO_32_BIT_CONVERSION = YES;
				GCC_WARN_ABOUT_RETURN_TYPE = YES_ERROR;
				GCC_WARN_UNDECLARED_SELECTOR = YES;
				GCC_WARN_UNINITIALIZED_AUTOS = YES_AGGRESSIVE;
				GCC_WARN_UNUSED_FUNCTION = YES;
				GCC_WARN_UNUSED_VARIABLE = YES;
				IPHONEOS_DEPLOYMENT_TARGET = 17.4;
				LOCALIZATION_PREFERS_STRING_CATALOGS = YES;
				MTL_ENABLE_DEBUG_INFO = NO;
				MTL_FAST_MATH = YES;
				SDKROOT = iphoneos;
				SWIFT_COMPILATION_MODE = wholemodule;
				VALIDATE_PRODUCT = YES;
			};
			name = Release;
		};
		E6FDEDFE2BD7BBE400D8CCEE /* Debug */ = {
			isa = XCBuildConfiguration;
			buildSettings = {
				ASSETCATALOG_COMPILER_APPICON_NAME = AppIcon;
				ASSETCATALOG_COMPILER_GLOBAL_ACCENT_COLOR_NAME = AccentColor;
				CODE_SIGN_STYLE = Automatic;
				CURRENT_PROJECT_VERSION = 1;
				DEVELOPMENT_ASSET_PATHS = "\"e-market/Preview Content\"";
				ENABLE_PREVIEWS = YES;
				GENERATE_INFOPLIST_FILE = YES;
				INFOPLIST_KEY_UIApplicationSceneManifest_Generation = YES;
				INFOPLIST_KEY_UIApplicationSupportsIndirectInputEvents = YES;
				INFOPLIST_KEY_UILaunchScreen_Generation = YES;
				INFOPLIST_KEY_UISupportedInterfaceOrientations_iPad = "UIInterfaceOrientationPortrait UIInterfaceOrientationPortraitUpsideDown UIInterfaceOrientationLandscapeLeft UIInterfaceOrientationLandscapeRight";
				INFOPLIST_KEY_UISupportedInterfaceOrientations_iPhone = "UIInterfaceOrientationPortrait UIInterfaceOrientationLandscapeLeft UIInterfaceOrientationLandscapeRight";
				LD_RUNPATH_SEARCH_PATHS = (
					"$(inherited)",
					"@executable_path/Frameworks",
				);
				MARKETING_VERSION = 1.0;
				PRODUCT_BUNDLE_IDENTIFIER = "com.tonattapong.e-market";
				PRODUCT_NAME = "$(TARGET_NAME)";
				SWIFT_EMIT_LOC_STRINGS = YES;
				SWIFT_VERSION = 5.0;
				TARGETED_DEVICE_FAMILY = "1,2";
			};
			name = Debug;
		};
		E6FDEDFF2BD7BBE400D8CCEE /* Release */ = {
			isa = XCBuildConfiguration;
			buildSettings = {
				ASSETCATALOG_COMPILER_APPICON_NAME = AppIcon;
				ASSETCATALOG_COMPILER_GLOBAL_ACCENT_COLOR_NAME = AccentColor;
				CODE_SIGN_STYLE = Automatic;
				CURRENT_PROJECT_VERSION = 1;
				DEVELOPMENT_ASSET_PATHS = "\"e-market/Preview Content\"";
				ENABLE_PREVIEWS = YES;
				GENERATE_INFOPLIST_FILE = YES;
				INFOPLIST_KEY_UIApplicationSceneManifest_Generation = YES;
				INFOPLIST_KEY_UIApplicationSupportsIndirectInputEvents = YES;
				INFOPLIST_KEY_UILaunchScreen_Generation = YES;
				INFOPLIST_KEY_UISupportedInterfaceOrientations_iPad = "UIInterfaceOrientationPortrait UIInterfaceOrientationPortraitUpsideDown UIInterfaceOrientationLandscapeLeft UIInterfaceOrientationLandscapeRight";
				INFOPLIST_KEY_UISupportedInterfaceOrientations_iPhone = "UIInterfaceOrientationPortrait UIInterfaceOrientationLandscapeLeft UIInterfaceOrientationLandscapeRight";
				LD_RUNPATH_SEARCH_PATHS = (
					"$(inherited)",
					"@executable_path/Frameworks",
				);
				MARKETING_VERSION = 1.0;
				PRODUCT_BUNDLE_IDENTIFIER = "com.tonattapong.e-market";
				PRODUCT_NAME = "$(TARGET_NAME)";
				SWIFT_EMIT_LOC_STRINGS = YES;
				SWIFT_VERSION = 5.0;
				TARGETED_DEVICE_FAMILY = "1,2";
			};
			name = Release;
		};
		E6FDEE012BD7BBE400D8CCEE /* Debug */ = {
			isa = XCBuildConfiguration;
			buildSettings = {
				ALWAYS_EMBED_SWIFT_STANDARD_LIBRARIES = YES;
				BUNDLE_LOADER = "$(TEST_HOST)";
				CODE_SIGN_STYLE = Automatic;
				CURRENT_PROJECT_VERSION = 1;
				GENERATE_INFOPLIST_FILE = YES;
				IPHONEOS_DEPLOYMENT_TARGET = 17.4;
				MARKETING_VERSION = 1.0;
				PRODUCT_BUNDLE_IDENTIFIER = "com.tonattapong.e-marketTests";
				PRODUCT_NAME = "$(TARGET_NAME)";
				SWIFT_EMIT_LOC_STRINGS = NO;
				SWIFT_VERSION = 5.0;
				TARGETED_DEVICE_FAMILY = "1,2";
				TEST_HOST = "$(BUILT_PRODUCTS_DIR)/e-market.app/$(BUNDLE_EXECUTABLE_FOLDER_PATH)/e-market";
			};
			name = Debug;
		};
		E6FDEE022BD7BBE400D8CCEE /* Release */ = {
			isa = XCBuildConfiguration;
			buildSettings = {
				ALWAYS_EMBED_SWIFT_STANDARD_LIBRARIES = YES;
				BUNDLE_LOADER = "$(TEST_HOST)";
				CODE_SIGN_STYLE = Automatic;
				CURRENT_PROJECT_VERSION = 1;
				GENERATE_INFOPLIST_FILE = YES;
				IPHONEOS_DEPLOYMENT_TARGET = 17.4;
				MARKETING_VERSION = 1.0;
				PRODUCT_BUNDLE_IDENTIFIER = "com.tonattapong.e-marketTests";
				PRODUCT_NAME = "$(TARGET_NAME)";
				SWIFT_EMIT_LOC_STRINGS = NO;
				SWIFT_VERSION = 5.0;
				TARGETED_DEVICE_FAMILY = "1,2";
				TEST_HOST = "$(BUILT_PRODUCTS_DIR)/e-market.app/$(BUNDLE_EXECUTABLE_FOLDER_PATH)/e-market";
			};
			name = Release;
		};
		E6FDEE042BD7BBE400D8CCEE /* Debug */ = {
			isa = XCBuildConfiguration;
			buildSettings = {
				ALWAYS_EMBED_SWIFT_STANDARD_LIBRARIES = YES;
				CODE_SIGN_STYLE = Automatic;
				CURRENT_PROJECT_VERSION = 1;
				GENERATE_INFOPLIST_FILE = YES;
				MARKETING_VERSION = 1.0;
				PRODUCT_BUNDLE_IDENTIFIER = "com.tonattapong.e-marketUITests";
				PRODUCT_NAME = "$(TARGET_NAME)";
				SWIFT_EMIT_LOC_STRINGS = NO;
				SWIFT_VERSION = 5.0;
				TARGETED_DEVICE_FAMILY = "1,2";
				TEST_TARGET_NAME = "e-market";
			};
			name = Debug;
		};
		E6FDEE052BD7BBE400D8CCEE /* Release */ = {
			isa = XCBuildConfiguration;
			buildSettings = {
				ALWAYS_EMBED_SWIFT_STANDARD_LIBRARIES = YES;
				CODE_SIGN_STYLE = Automatic;
				CURRENT_PROJECT_VERSION = 1;
				GENERATE_INFOPLIST_FILE = YES;
				MARKETING_VERSION = 1.0;
				PRODUCT_BUNDLE_IDENTIFIER = "com.tonattapong.e-marketUITests";
				PRODUCT_NAME = "$(TARGET_NAME)";
				SWIFT_EMIT_LOC_STRINGS = NO;
				SWIFT_VERSION = 5.0;
				TARGETED_DEVICE_FAMILY = "1,2";
				TEST_TARGET_NAME = "e-market";
			};
			name = Release;
		};
/* End XCBuildConfiguration section */

/* Begin XCConfigurationList section */
		E6FDEDD42BD7BBE200D8CCEE /* Build configuration list for PBXProject "e-market" */ = {
			isa = XCConfigurationList;
			buildConfigurations = (
				E6FDEDFB2BD7BBE400D8CCEE /* Debug */,
				E6FDEDFC2BD7BBE400D8CCEE /* Release */,
			);
			defaultConfigurationIsVisible = 0;
			defaultConfigurationName = Release;
		};
		E6FDEDFD2BD7BBE400D8CCEE /* Build configuration list for PBXNativeTarget "e-market" */ = {
			isa = XCConfigurationList;
			buildConfigurations = (
				E6FDEDFE2BD7BBE400D8CCEE /* Debug */,
				E6FDEDFF2BD7BBE400D8CCEE /* Release */,
			);
			defaultConfigurationIsVisible = 0;
			defaultConfigurationName = Release;
		};
		E6FDEE002BD7BBE400D8CCEE /* Build configuration list for PBXNativeTarget "e-marketTests" */ = {
			isa = XCConfigurationList;
			buildConfigurations = (
				E6FDEE012BD7BBE400D8CCEE /* Debug */,
				E6FDEE022BD7BBE400D8CCEE /* Release */,
			);
			defaultConfigurationIsVisible = 0;
			defaultConfigurationName = Release;
		};
		E6FDEE032BD7BBE400D8CCEE /* Build configuration list for PBXNativeTarget "e-marketUITests" */ = {
			isa = XCConfigurationList;
			buildConfigurations = (
				E6FDEE042BD7BBE400D8CCEE /* Debug */,
				E6FDEE052BD7BBE400D8CCEE /* Release */,
			);
			defaultConfigurationIsVisible = 0;
			defaultConfigurationName = Release;
		};
/* End XCConfigurationList section */

/* Begin XCRemoteSwiftPackageReference section */
		E67055F82BD8BE51000C1645 /* XCRemoteSwiftPackageReference "Moya" */ = {
			isa = XCRemoteSwiftPackageReference;
			repositoryURL = "https://github.com/Moya/Moya.git";
			requirement = {
				kind = upToNextMajorVersion;
				minimumVersion = 15.0.3;
			};
		};
		E67056292BD8CD1C000C1645 /* XCRemoteSwiftPackageReference "SDWebImageSwiftUI" */ = {
			isa = XCRemoteSwiftPackageReference;
			repositoryURL = "https://github.com/SDWebImage/SDWebImageSwiftUI.git";
			requirement = {
				kind = upToNextMajorVersion;
				minimumVersion = 3.0.2;
			};
		};
/* End XCRemoteSwiftPackageReference section */

/* Begin XCSwiftPackageProductDependency section */
		E67055F92BD8BE51000C1645 /* CombineMoya */ = {
			isa = XCSwiftPackageProductDependency;
			package = E67055F82BD8BE51000C1645 /* XCRemoteSwiftPackageReference "Moya" */;
			productName = CombineMoya;
		};
		E67055FB2BD8BE51000C1645 /* Moya */ = {
			isa = XCSwiftPackageProductDependency;
			package = E67055F82BD8BE51000C1645 /* XCRemoteSwiftPackageReference "Moya" */;
			productName = Moya;
		};
		E67055FD2BD8BE51000C1645 /* ReactiveMoya */ = {
			isa = XCSwiftPackageProductDependency;
			package = E67055F82BD8BE51000C1645 /* XCRemoteSwiftPackageReference "Moya" */;
			productName = ReactiveMoya;
		};
		E67055FF2BD8BE51000C1645 /* RxMoya */ = {
			isa = XCSwiftPackageProductDependency;
			package = E67055F82BD8BE51000C1645 /* XCRemoteSwiftPackageReference "Moya" */;
			productName = RxMoya;
		};
		E670562A2BD8CD1C000C1645 /* SDWebImageSwiftUI */ = {
			isa = XCSwiftPackageProductDependency;
			package = E67056292BD8CD1C000C1645 /* XCRemoteSwiftPackageReference "SDWebImageSwiftUI" */;
			productName = SDWebImageSwiftUI;
		};
/* End XCSwiftPackageProductDependency section */
	};
	rootObject = E6FDEDD12BD7BBE200D8CCEE /* Project object */;
}
